github.com/iocn-io/ripemd160 v0.0.0-20190528054632-f8b2f65028f6 h1:3/INXjdE8P5bwR2IkeqMFQi0uk6XVWvA8MkvbShdkN8=
github.com/iocn-io/ripemd160 v0.0.0-20190528054632-f8b2f65028f6/go.mod h1:5w8QG3OpC4ivZij6a4oqPYkYmHBmlmOSoOVT1FCNlRc=
github.com/mr-tron/base58 v1.2.0 h1:T/HDJBh4ZCPbU39/+c3rRvE0uKBQlU27+QI8LJ4t64o=
github.com/mr-tron/base58 v1.2.0/go.mod h1:BinMc/sQntlIE1frQmRFPUoPA1Zkr8VRgBdjWI2mNwc=
